
Microsoft Visual Studio Solution File, Format Version 12.00
# Visual Studio 15
VisualStudioVersion = 15.0.28307.168
MinimumVisualStudioVersion = 10.0.40219.1
Project("{FAE04EC0-301F-11D3-BF4B-00C04F79EFBC}") = "Engine", "Engine\Engine.csproj", "{F88987B4-E9C3-4C59-9FA2-22A2CD36BB74}"
EndProject
Global
	GlobalSection(SolutionConfigurationPlatforms) = preSolution
		Debug|Any CPU = Debug|Any CPU
		Release|Any CPU = Release|Any CPU
	EndGlobalSection
	GlobalSection(ProjectConfigurationPlatforms) = postSolution
		{F88987B4-E9C3-4C59-9FA2-22A2CD36BB74}.Debug|Any CPU.ActiveCfg = Debug|Any CPU
		{F88987B4-E9C3-4C59-9FA2-22A2CD36BB74}.Debug|Any CPU.Build.0 = Debug|Any CPU
		{F88987B4-E9C3-4C59-9FA2-22A2CD36BB74}.Release|Any CPU.ActiveCfg = Release|Any CPU
		{F88987B4-E9C3-4C59-9FA2-22A2CD36BB74}.Release|Any CPU.Build.0 = Release|Any CPU
	EndGlobalSection
	GlobalSection(SolutionProperties) = preSolution
		HideSolutionNode = FALSE
	EndGlobalSection
	GlobalSection(ExtensibilityGlobals) = postSolution
		SolutionGuid = {A6272B76-73E9-4C63-AE04-0C6A52AAD5FC}
	EndGlobalSection
EndGlobal
